{
  "requires": true,
  "lockfileVersion": 1,
  "dependencies": {
    "@angular/material": {
      "version": "10.2.5",
      "resolved": "https://registry.npmjs.org/@angular/material/-/material-10.2.5.tgz",
      "integrity": "sha512-gYFqpXdLLuRYb9N1jVj9Gig/AlqsEfT/m+RtzHm4mawmHqeQbEV+0C0Qvc6fKRb1060Nkzfz8TDNGu5B+Xzq5A==",
      "requires": {
        "tslib": "^2.0.0"
      }
    },
    "angular": {
      "version": "1.8.0",
      "resolved": "https://registry.npmjs.org/angular/-/angular-1.8.0.tgz",
      "integrity": "sha512-VdaMx+Qk0Skla7B5gw77a8hzlcOakwF8mjlW13DpIWIDlfqwAbSSLfd8N/qZnzEmQF4jC4iofInd3gE7vL8ZZg=="
    },
    "tslib": {
      "version": "2.0.3",
      "resolved": "https://registry.npmjs.org/tslib/-/tslib-2.0.3.tgz",
      "integrity": "sha512-uZtkfKblCEQtZKBF6EBXVZeQNl82yqtDQdv+eck8u7tdPxjLu2/lp5/uPW+um2tpuxINHWy3GhiccY7QgEaVHQ=="
    }
  }
}
